// !$*UTF8*$!
{
	archiveVersion = 1;
	classes = {
	};
	objectVersion = 48;
	objects = {

/* Begin PBXBuildFile section */
		53B4ACFD546A60C9C963DF13 /* Pods_qrTest.framework in Frameworks */ = {isa = PBXBuildFile; fileRef = 4B88A12BB763632954C7C346 /* Pods_qrTest.framework */; };
		ED630AC91FBE75C500FE59AF /* AppDelegate.swift in Sources */ = {isa = PBXBuildFile; fileRef = ED630AC81FBE75C500FE59AF /* AppDelegate.swift */; };
		ED630ACB1FBE75C500FE59AF /* ViewController.swift in Sources */ = {isa = PBXBuildFile; fileRef = ED630ACA1FBE75C500FE59AF /* ViewController.swift */; };
		ED630ACE1FBE75C500FE59AF /* Main.storyboard in Resources */ = {isa = PBXBuildFile; fileRef = ED630ACC1FBE75C500FE59AF /* Main.storyboard */; };
		ED630AD01FBE75C500FE59AF /* Assets.xcassets in Resources */ = {isa = PBXBuildFile; fileRef = ED630ACF1FBE75C500FE59AF /* Assets.xcassets */; };
		ED630AD31FBE75C500FE59AF /* LaunchScreen.storyboard in Resources */ = {isa = PBXBuildFile; fileRef = ED630AD11FBE75C500FE59AF /* LaunchScreen.storyboard */; };
		EDE0AF0E1FBE880D005CD26E /* radioButtonViewController.swift in Sources */ = {isa = PBXBuildFile; fileRef = EDE0AF0D1FBE880D005CD26E /* radioButtonViewController.swift */; };
/* End PBXBuildFile section */

/* Begin PBXFileReference section */
		3AC468D02AE891F91DB5D2A3 /* Pods-qrTest.debug.xcconfig */ = {isa = PBXFileReference; includeInIndex = 1; lastKnownFileType = text.xcconfig; name = "Pods-qrTest.debug.xcconfig"; path = "Pods/Target Support Files/Pods-qrTest/Pods-qrTest.debug.xcconfig"; sourceTree = "<group>"; };
		4B88A12BB763632954C7C346 /* Pods_qrTest.framework */ = {isa = PBXFileReference; explicitFileType = wrapper.framework; includeInIndex = 0; path = Pods_qrTest.framework; sourceTree = BUILT_PRODUCTS_DIR; };
		62D64E25B6279E8D31033F4E /* Pods-qrTest.release.xcconfig */ = {isa = PBXFileReference; includeInIndex = 1; lastKnownFileType = text.xcconfig; name = "Pods-qrTest.release.xcconfig"; path = "Pods/Target Support Files/Pods-qrTest/Pods-qrTest.release.xcconfig"; sourceTree = "<group>"; };
		ED630AC51FBE75C500FE59AF /* qrTest.app */ = {isa = PBXFileReference; explicitFileType = wrapper.application; includeInIndex = 0; path = qrTest.app; sourceTree = BUILT_PRODUCTS_DIR; };
		ED630AC81FBE75C500FE59AF /* AppDelegate.swift */ = {isa = PBXFileReference; lastKnownFileType = sourcecode.swift; path = AppDelegate.swift; sourceTree = "<group>"; };
		ED630ACA1FBE75C500FE59AF /* ViewController.swift */ = {isa = PBXFileReference; lastKnownFileType = sourcecode.swift; path = ViewController.swift; sourceTree = "<group>"; };
		ED630ACD1FBE75C500FE59AF /* Base */ = {isa = PBXFileReference; lastKnownFileType = file.storyboard; name = Base; path = Base.lproj/Main.storyboard; sourceTree = "<group>"; };
		ED630ACF1FBE75C500FE59AF /* Assets.xcassets */ = {isa = PBXFileReference; lastKnownFileType = folder.assetcatalog; path = Assets.xcassets; sourceTree = "<group>"; };
		ED630AD21FBE75C500FE59AF /* Base */ = {isa = PBXFileReference; lastKnownFileType = file.storyboard; name = Base; path = Base.lproj/LaunchScreen.storyboard; sourceTree = "<group>"; };
		ED630AD41FBE75C500FE59AF /* Info.plist */ = {isa = PBXFileReference; lastKnownFileType = text.plist.xml; path = Info.plist; sourceTree = "<group>"; };
		EDE0AF0D1FBE880D005CD26E /* radioButtonViewController.swift */ = {isa = PBXFileReference; lastKnownFileType = sourcecode.swift; path = radioButtonViewController.swift; sourceTree = "<group>"; };
/* End PBXFileReference section */

/* Begin PBXFrameworksBuildPhase section */
		ED630AC21FBE75C500FE59AF /* Frameworks */ = {
			isa = PBXFrameworksBuildPhase;
			buildActionMask = 2147483647;
			files = (
				53B4ACFD546A60C9C963DF13 /* Pods_qrTest.framework in Frameworks */,
			);
			runOnlyForDeploymentPostprocessing = 0;
		};
/* End PBXFrameworksBuildPhase section */

/* Begin PBXGroup section */
		42B02B0F4E586C5F0CF4D8C9 /* Frameworks */ = {
			isa = PBXGroup;
			children = (
				4B88A12BB763632954C7C346 /* Pods_qrTest.framework */,
			);
			name = Frameworks;
			sourceTree = "<group>";
		};
		AE5E3CFEE0A2FAF318852D6A /* Pods */ = {
			isa = PBXGroup;
			children = (
				3AC468D02AE891F91DB5D2A3 /* Pods-qrTest.debug.xcconfig */,
				62D64E25B6279E8D31033F4E /* Pods-qrTest.release.xcconfig */,
			);
			name = Pods;
			sourceTree = "<group>";
		};
		ED630ABC1FBE75C500FE59AF = {
			isa = PBXGroup;
			children = (
				ED630AC71FBE75C500FE59AF /* qrTest */,
				ED630AC61FBE75C500FE59AF /* Products */,
				AE5E3CFEE0A2FAF318852D6A /* Pods */,
				42B02B0F4E586C5F0CF4D8C9 /* Frameworks */,
			);
			sourceTree = "<group>";
		};
		ED630AC61FBE75C500FE59AF /* Products */ = {
			isa = PBXGroup;
			children = (
				ED630AC51FBE75C500FE59AF /* qrTest.app */,
			);
			name = Products;
			sourceTree = "<group>";
		};
		ED630AC71FBE75C500FE59AF /* qrTest */ = {
			isa = PBXGroup;
			children = (
				ED630AC81FBE75C500FE59AF /* AppDelegate.swift */,
				ED630ACA1FBE75C500FE59AF /* ViewController.swift */,
				ED630ACC1FBE75C500FE59AF /* Main.storyboard */,
				ED630ACF1FBE75C500FE59AF /* Assets.xcassets */,
				ED630AD11FBE75C500FE59AF /* LaunchScreen.storyboard */,
				ED630AD41FBE75C500FE59AF /* Info.plist */,
				EDE0AF0D1FBE880D005CD26E /* radioButtonViewController.swift */,
			);
			path = qrTest;
			sourceTree = "<group>";
		};
/* End PBXGroup section */

/* Begin PBXNativeTarget section */
		ED630AC41FBE75C500FE59AF /* qrTest */ = {
			isa = PBXNativeTarget;
			buildConfigurationList = ED630AD71FBE75C500FE59AF /* Build configuration list for PBXNativeTarget "qrTest" */;
			buildPhases = (
				22092EA4ACDD0CC56F86A3F5 /* [CP] Check Pods Manifest.lock */,
				ED630AC11FBE75C500FE59AF /* Sources */,
				ED630AC21FBE75C500FE59AF /* Frameworks */,
				ED630AC31FBE75C500FE59AF /* Resources */,
				155B75330B8EE075FDD1C819 /* [CP] Embed Pods Frameworks */,
				E4477DFAEC961C3941C89494 /* [CP] Copy Pods Resources */,
			);
			buildRules = (
			);
			dependencies = (
			);
			name = qrTest;
			productName = qrTest;
			productReference = ED630AC51FBE75C500FE59AF /* qrTest.app */;
			productType = "com.apple.product-type.application";
		};
/* End PBXNativeTarget section */

/* Begin PBXProject section */
		ED630ABD1FBE75C500FE59AF /* Project object */ = {
			isa = PBXProject;
			attributes = {
				LastSwiftUpdateCheck = 0910;
				LastUpgradeCheck = 0910;
				ORGANIZATIONNAME = Team;
				TargetAttributes = {
					ED630AC41FBE75C500FE59AF = {
						CreatedOnToolsVersion = 9.1;
						ProvisioningStyle = Automatic;
					};
				};
			};
			buildConfigurationList = ED630AC01FBE75C500FE59AF /* Build configuration list for PBXProject "qrTest" */;
			compatibilityVersion = "Xcode 8.0";
			developmentRegion = en;
			hasScannedForEncodings = 0;
			knownRegions = (
				en,
				Base,
			);
			mainGroup = ED630ABC1FBE75C500FE59AF;
			productRefGroup = ED630AC61FBE75C500FE59AF /* Products */;
			projectDirPath = "";
			projectRoot = "";
			targets = (
				ED630AC41FBE75C500FE59AF /* qrTest */,
			);
		};
/* End PBXProject section */

/* Begin PBXResourcesBuildPhase section */
		ED630AC31FBE75C500FE59AF /* Resources */ = {
			isa = PBXResourcesBuildPhase;
			buildActionMask = 2147483647;
			files = (
				ED630AD31FBE75C500FE59AF /* LaunchScreen.storyboard in Resources */,
				ED630AD01FBE75C500FE59AF /* Assets.xcassets in Resources */,
				ED630ACE1FBE75C500FE59AF /* Main.storyboard in Resources */,
			);
			runOnlyForDeploymentPostprocessing = 0;
		};
/* End PBXResourcesBuildPhase section */

/* Begin PBXShellScriptBuildPhase section */
		155B75330B8EE075FDD1C819 /* [CP] Embed Pods Frameworks */ = {
			isa = PBXShellScriptBuildPhase;
			buildActionMask = 2147483647;
			files = (
			);
			inputPaths = (
				"${SRCROOT}/Pods/Target Support Files/Pods-qrTest/Pods-qrTest-frameworks.sh",
				"${BUILT_PRODUCTS_DIR}/QRCode/QRCode.framework",
			);
			name = "[CP] Embed Pods Frameworks";
			outputPaths = (
				"${TARGET_BUILD_DIR}/${FRAMEWORKS_FOLDER_PATH}/QRCode.framework",
			);
			runOnlyForDeploymentPostprocessing = 0;
			shellPath = /bin/sh;
			shellScript = "\"${SRCROOT}/Pods/Target Support Files/Pods-qrTest/Pods-qrTest-frameworks.sh\"\n";
			showEnvVarsInLog = 0;
		};
		22092EA4ACDD0CC56F86A3F5 /* [CP] Check Pods Manifest.lock */ = {
			isa = PBXShellScriptBuildPhase;
			buildActionMask = 2147483647;
			files = (
			);
			inputPaths = (
				"${PODS_PODFILE_DIR_PATH}/Podfile.lock",
				"${PODS_ROOT}/Manifest.lock",
			);
			name = "[CP] Check Pods Manifest.lock";
			outputPaths = (
				"$(DERIVED_FILE_DIR)/Pods-qrTest-checkManifestLockResult.txt",
			);
			runOnlyForDeploymentPostprocessing = 0;
			shellPath = /bin/sh;
			shellScript = "diff \"${PODS_PODFILE_DIR_PATH}/Podfile.lock\" \"${PODS_ROOT}/Manifest.lock\" > /dev/null\nif [ $? != 0 ] ; then\n    # print error to STDERR\n    echo \"error: The sandbox is not in sync with the Podfile.lock. Run 'pod install' or update your CocoaPods installation.\" >&2\n    exit 1\nfi\n# This output is used by Xcode 'outputs' to avoid re-running this script phase.\necho \"SUCCESS\" > \"${SCRIPT_OUTPUT_FILE_0}\"\n";
			showEnvVarsInLog = 0;
		};
		E4477DFAEC961C3941C89494 /* [CP] Copy Pods Resources */ = {
			isa = PBXShellScriptBuildPhase;
			buildActionMask = 2147483647;
			files = (
			);
			inputPaths = (
			);
			name = "[CP] Copy Pods Resources";
			outputPaths = (
			);
			runOnlyForDeploymentPostprocessing = 0;
			shellPath = /bin/sh;
			shellScript = "\"${SRCROOT}/Pods/Target Support Files/Pods-qrTest/Pods-qrTest-resources.sh\"\n";
			showEnvVarsInLog = 0;
		};
/* End PBXShellScriptBuildPhase section */

/* Begin PBXSourcesBuildPhase section */
		ED630AC11FBE75C500FE59AF /* Sources */ = {
			isa = PBXSourcesBuildPhase;
			buildActionMask = 2147483647;
			files = (
				ED630ACB1FBE75C500FE59AF /* ViewController.swift in Sources */,
				ED630AC91FBE75C500FE59AF /* AppDelegate.swift in Sources */,
				EDE0AF0E1FBE880D005CD26E /* radioButtonViewController.swift in Sources */,
			);
			runOnlyForDeploymentPostprocessing = 0;
		};
/* End PBXSourcesBuildPhase section */

/* Begin PBXVariantGroup section */
		ED630ACC1FBE75C500FE59AF /* Main.storyboard */ = {
			isa = PBXVariantGroup;
			children = (
				ED630ACD1FBE75C500FE59AF /* Base */,
			);
			name = Main.storyboard;
			sourceTree = "<group>";
		};
		ED630AD11FBE75C500FE59AF /* LaunchScreen.storyboard */ = {
			isa = PBXVariantGroup;
			children = (
				ED630AD21FBE75C500FE59AF /* Base */,
			);
			name = LaunchScreen.storyboard;
			sourceTree = "<group>";
		};
/* End PBXVariantGroup section */

/* Begin XCBuildConfiguration section */
		ED630AD51FBE75C500FE59AF /* Debug */ = {
			isa = XCBuildConfiguration;
			buildSettings = {
				ALWAYS_SEARCH_USER_PATHS = NO;
				CLANG_ANALYZER_NONNULL = YES;
				CLANG_ANALYZER_NUMBER_OBJECT_CONVERSION = YES_AGGRESSIVE;
				CLANG_CXX_LANGUAGE_STANDARD = "gnu++14";
				CLANG_CXX_LIBRARY = "libc++";
				CLANG_ENABLE_MODULES = YES;
				CLANG_ENABLE_OBJC_ARC = YES;
				CLANG_WARN_BLOCK_CAPTURE_AUTORELEASING = YES;
				CLANG_WARN_BOOL_CONVERSION = YES;
				CLANG_WARN_COMMA = YES;
				CLANG_WARN_CONSTANT_CONVERSION = YES;
				CLANG_WARN_DIRECT_OBJC_ISA_USAGE = YES_ERROR;
				CLANG_WARN_DOCUMENTATION_COMMENTS = YES;
				CLANG_WARN_EMPTY_BODY = YES;
				CLANG_WARN_ENUM_CONVERSION = YES;
				CLANG_WARN_INFINITE_RECURSION = YES;
				CLANG_WARN_INT_CONVERSION = YES;
				CLANG_WARN_NON_LITERAL_NULL_CONVERSION = YES;
				CLANG_WARN_OBJC_LITERAL_CONVERSION = YES;
				CLANG_WARN_OBJC_ROOT_CLASS = YES_ERROR;
				CLANG_WARN_RANGE_LOOP_ANALYSIS = YES;
				CLANG_WARN_STRICT_PROTOTYPES = YES;
				CLANG_WARN_SUSPICIOUS_MOVE = YES;
				CLANG_WARN_UNGUARDED_AVAILABILITY = YES_AGGRESSIVE;
				CLANG_WARN_UNREACHABLE_CODE = YES;
				CLANG_WARN__DUPLICATE_METHOD_MATCH = YES;
				CODE_SIGN_IDENTITY = "iPhone Developer";
				COPY_PHASE_STRIP = NO;
				DEBUG_INFORMATION_FORMAT = dwarf;
				ENABLE_STRICT_OBJC_MSGSEND = YES;
				ENABLE_TESTABILITY = YES;
				GCC_C_LANGUAGE_STANDARD = gnu11;
				GCC_DYNAMIC_NO_PIC = NO;
				GCC_NO_COMMON_BLOCKS = YES;
				GCC_OPTIMIZATION_LEVEL = 0;
				GCC_PREPROCESSOR_DEFINITIONS = (
					"DEBUG=1",
					"$(inherited)",
				);
				GCC_WARN_64_TO_32_BIT_CONVERSION = YES;
				GCC_WARN_ABOUT_RETURN_TYPE = YES_ERROR;
				GCC_WARN_UNDECLARED_SELECTOR = YES;
				GCC_WARN_UNINITIALIZED_AUTOS = YES_AGGRESSIVE;
				GCC_WARN_UNUSED_FUNCTION = YES;
				GCC_WARN_UNUSED_VARIABLE = YES;
				IPHONEOS_DEPLOYMENT_TARGET = 11.1;
				MTL_ENABLE_DEBUG_INFO = YES;
				ONLY_ACTIVE_ARCH = YES;
				SDKROOT = iphoneos;
				SWIFT_ACTIVE_COMPILATION_CONDITIONS = DEBUG;
				SWIFT_OPTIMIZATION_LEVEL = "-Onone";
			};
			name = Debug;
		};
		ED630AD61FBE75C500FE59AF /* Release */ = {
			isa = XCBuildConfiguration;
			buildSettings = {
				ALWAYS_SEARCH_USER_PATHS = NO;
				CLANG_ANALYZER_NONNULL = YES;
				CLANG_ANALYZER_NUMBER_OBJECT_CONVERSION = YES_AGGRESSIVE;
				CLANG_CXX_LANGUAGE_STANDARD = "gnu++14";
				CLANG_CXX_LIBRARY = "libc++";
				CLANG_ENABLE_MODULES = YES;
				CLANG_ENABLE_OBJC_ARC = YES;
				CLANG_WARN_BLOCK_CAPTURE_AUTORELEASING = YES;
				CLANG_WARN_BOOL_CONVERSION = YES;
				CLANG_WARN_COMMA = YES;
				CLANG_WARN_CONSTANT_CONVERSION = YES;
				CLANG_WARN_DIRECT_OBJC_ISA_USAGE = YES_ERROR;
				CLANG_WARN_DOCUMENTATION_COMMENTS = YES;
				CLANG_WARN_EMPTY_BODY = YES;
				CLANG_WARN_ENUM_CONVERSION = YES;
				CLANG_WARN_INFINITE_RECURSION = YES;
				CLANG_WARN_INT_CONVERSION = YES;
				CLANG_WARN_NON_LITERAL_NULL_CONVERSION = YES;
				CLANG_WARN_OBJC_LITERAL_CONVERSION = YES;
				CLANG_WARN_OBJC_ROOT_CLASS = YES_ERROR;
				CLANG_WARN_RANGE_LOOP_ANALYSIS = YES;
				CLANG_WARN_STRICT_PROTOTYPES = YES;
				CLANG_WARN_SUSPICIOUS_MOVE = YES;
				CLANG_WARN_UNGUARDED_AVAILABILITY = YES_AGGRESSIVE;
				CLANG_WARN_UNREACHABLE_CODE = YES;
				CLANG_WARN__DUPLICATE_METHOD_MATCH = YES;
				CODE_SIGN_IDENTITY = "iPhone Developer";
				COPY_PHASE_STRIP = NO;
				DEBUG_INFORMATION_FORMAT = "dwarf-with-dsym";
				ENABLE_NS_ASSERTIONS = NO;
				ENABLE_STRICT_OBJC_MSGSEND = YES;
				GCC_C_LANGUAGE_STANDARD = gnu11;
				GCC_NO_COMMON_BLOCKS = YES;
				GCC_WARN_64_TO_32_BIT_CONVERSION = YES;
				GCC_WARN_ABOUT_RETURN_TYPE = YES_ERROR;
				GCC_WARN_UNDECLARED_SELECTOR = YES;
				GCC_WARN_UNINITIALIZED_AUTOS = YES_AGGRESSIVE;
				GCC_WARN_UNUSED_FUNCTION = YES;
				GCC_WARN_UNUSED_VARIABLE = YES;
				IPHONEOS_DEPLOYMENT_TARGET = 11.1;
				MTL_ENABLE_DEBUG_INFO = NO;
				SDKROOT = iphoneos;
				SWIFT_OPTIMIZATION_LEVEL = "-Owholemodule";
				VALIDATE_PRODUCT = YES;
			};
			name = Release;
		};
		ED630AD81FBE75C500FE59AF /* Debug */ = {
			isa = XCBuildConfiguration;
			baseConfigurationReference = 3AC468D02AE891F91DB5D2A3 /* Pods-qrTest.debug.xcconfig */;
			buildSettings = {
				ASSETCATALOG_COMPILER_APPICON_NAME = AppIcon;
				CODE_SIGN_STYLE = Automatic;
				DEVELOPMENT_TEAM = 3XHBZAYT5B;
				INFOPLIST_FILE = qrTest/Info.plist;
				LD_RUNPATH_SEARCH_PATHS = "$(inherited) @executable_path/Frameworks";
				PRODUCT_BUNDLE_IDENTIFIER = com.example.qrTestbuttons;
				PRODUCT_NAME = "$(TARGET_NAME)";
				SWIFT_VERSION = 4.0;
				TARGETED_DEVICE_FAMILY = "1,2";
			};
			name = Debug;
		};
		ED630AD91FBE75C500FE59AF /* Release */ = {
			isa = XCBuildConfiguration;
			baseConfigurationReference = 62D64E25B6279E8D31033F4E /* Pods-qrTest.release.xcconfig */;
			buildSettings = {
				ASSETCATALOG_COMPILER_APPICON_NAME = AppIcon;
				CODE_SIGN_STYLE = Automatic;
				DEVELOPMENT_TEAM = 3XHBZAYT5B;
				INFOPLIST_FILE = qrTest/Info.plist;
				LD_RUNPATH_SEARCH_PATHS = "$(inherited) @executable_path/Frameworks";
				PRODUCT_BUNDLE_IDENTIFIER = com.example.qrTestbuttons;
				PRODUCT_NAME = "$(TARGET_NAME)";
				SWIFT_VERSION = 4.0;
				TARGETED_DEVICE_FAMILY = "1,2";
			};
			name = Release;
		};
/* End XCBuildConfiguration section */

/* Begin XCConfigurationList section */
		ED630AC01FBE75C500FE59AF /* Build configuration list for PBXProject "qrTest" */ = {
			isa = XCConfigurationList;
			buildConfigurations = (
				ED630AD51FBE75C500FE59AF /* Debug */,
				ED630AD61FBE75C500FE59AF /* Release */,
			);
			defaultConfigurationIsVisible = 0;
			defaultConfigurationName = Release;
		};
		ED630AD71FBE75C500FE59AF /* Build configuration list for PBXNativeTarget "qrTest" */ = {
			isa = XCConfigurationList;
			buildConfigurations = (
				ED630AD81FBE75C500FE59AF /* Debug */,
				ED630AD91FBE75C500FE59AF /* Release */,
			);
			defaultConfigurationIsVisible = 0;
			defaultConfigurationName = Release;
		};
/* End XCConfigurationList section */
	};
	rootObject = ED630ABD1FBE75C500FE59AF /* Project object */;
}
